
Microsoft Visual Studio Solution File, Format Version 12.00
# Visual Studio Version 17
VisualStudioVersion = 17.5.33414.496
MinimumVisualStudioVersion = 10.0.40219.1
Project("{FAE04EC0-301F-11D3-BF4B-00C04F79EFBC}") = "CodeAissure", "CodeAissure.csproj", "{81BF449F-76E4-4CA4-B334-9D0AA0DAC839}"
EndProject
Global
	GlobalSection(SolutionConfigurationPlatforms) = preSolution
		Debug|Any CPU = Debug|Any CPU
		Release|Any CPU = Release|Any CPU
	EndGlobalSection
	GlobalSection(ProjectConfigurationPlatforms) = postSolution
		{81BF449F-76E4-4CA4-B334-9D0AA0DAC839}.Debug|Any CPU.ActiveCfg = Debug|Any CPU
		{81BF449F-76E4-4CA4-B334-9D0AA0DAC839}.Debug|Any CPU.Build.0 = Debug|Any CPU
		{81BF449F-76E4-4CA4-B334-9D0AA0DAC839}.Release|Any CPU.ActiveCfg = Release|Any CPU
		{81BF449F-76E4-4CA4-B334-9D0AA0DAC839}.Release|Any CPU.Build.0 = Release|Any CPU
	EndGlobalSection
	GlobalSection(SolutionProperties) = preSolution
		HideSolutionNode = FALSE
	EndGlobalSection
	GlobalSection(ExtensibilityGlobals) = postSolution
		SolutionGuid = {9F432D28-9AC8-4F7A-ACD4-3524AFDB9C73}
	EndGlobalSection
EndGlobal
